
Microsoft Visual Studio Solution File, Format Version 12.00
# Visual Studio Version 17
VisualStudioVersion = 17.0.31903.59
MinimumVisualStudioVersion = 10.0.40219.1
Project("{2150E333-8FDC-42A3-9474-1A3956D46DE8}") = "src", "src", "{8501BE69-1EFE-4C49-82C3-470B64309BD1}"
EndProject
Project("{9A19103F-16F7-4668-BE54-9A1E7A4F7556}") = "BookBird.Api", "src\BookBird.Api\BookBird.Api.csproj", "{61F06178-BA44-4F34-A7A0-4549348E8205}"
EndProject
Project("{9A19103F-16F7-4668-BE54-9A1E7A4F7556}") = "BookBird.Domain", "src\BookBird.Domain\BookBird.Domain.csproj", "{C6A9497A-7BD0-4398-B748-BDF0B044EE18}"
EndProject
Project("{9A19103F-16F7-4668-BE54-9A1E7A4F7556}") = "BookBird.Application", "src\BookBird.Application\BookBird.Application.csproj", "{97AF29FC-C23A-4219-B777-23C9A65630A5}"
EndProject
Project("{9A19103F-16F7-4668-BE54-9A1E7A4F7556}") = "BookBird.Infrastructure", "src\BookBird.Infrastructure\BookBird.Infrastructure.csproj", "{3A1E9ACE-AD46-4975-BD62-A2EF1818C546}"
EndProject
Project("{2150E333-8FDC-42A3-9474-1A3956D46DE8}") = "tests", "tests", "{8AEDBAEE-D13D-465C-A88B-DB97402FF3AA}"
EndProject
Project("{9A19103F-16F7-4668-BE54-9A1E7A4F7556}") = "BookBird.UnitTests", "tests\BookBird.UnitTests\BookBird.UnitTests.csproj", "{B6FF3265-C9DE-4E0E-86C1-A855FBD46F2F}"
EndProject
Project("{9A19103F-16F7-4668-BE54-9A1E7A4F7556}") = "BookBird.Jobs", "src\BookBird.Jobs\BookBird.Jobs.csproj", "{B59060A9-BCE7-4396-9C48-D58E70A48BC6}"
EndProject
Global
	GlobalSection(SolutionConfigurationPlatforms) = preSolution
		Debug|Any CPU = Debug|Any CPU
		Release|Any CPU = Release|Any CPU
	EndGlobalSection
	GlobalSection(ProjectConfigurationPlatforms) = postSolution
		{61F06178-BA44-4F34-A7A0-4549348E8205}.Debug|Any CPU.ActiveCfg = Debug|Any CPU
		{61F06178-BA44-4F34-A7A0-4549348E8205}.Debug|Any CPU.Build.0 = Debug|Any CPU
		{61F06178-BA44-4F34-A7A0-4549348E8205}.Release|Any CPU.ActiveCfg = Release|Any CPU
		{61F06178-BA44-4F34-A7A0-4549348E8205}.Release|Any CPU.Build.0 = Release|Any CPU
		{C6A9497A-7BD0-4398-B748-BDF0B044EE18}.Debug|Any CPU.ActiveCfg = Debug|Any CPU
		{C6A9497A-7BD0-4398-B748-BDF0B044EE18}.Debug|Any CPU.Build.0 = Debug|Any CPU
		{C6A9497A-7BD0-4398-B748-BDF0B044EE18}.Release|Any CPU.ActiveCfg = Release|Any CPU
		{C6A9497A-7BD0-4398-B748-BDF0B044EE18}.Release|Any CPU.Build.0 = Release|Any CPU
		{97AF29FC-C23A-4219-B777-23C9A65630A5}.Debug|Any CPU.ActiveCfg = Debug|Any CPU
		{97AF29FC-C23A-4219-B777-23C9A65630A5}.Debug|Any CPU.Build.0 = Debug|Any CPU
		{97AF29FC-C23A-4219-B777-23C9A65630A5}.Release|Any CPU.ActiveCfg = Release|Any CPU
		{97AF29FC-C23A-4219-B777-23C9A65630A5}.Release|Any CPU.Build.0 = Release|Any CPU
		{3A1E9ACE-AD46-4975-BD62-A2EF1818C546}.Debug|Any CPU.ActiveCfg = Debug|Any CPU
		{3A1E9ACE-AD46-4975-BD62-A2EF1818C546}.Debug|Any CPU.Build.0 = Debug|Any CPU
		{3A1E9ACE-AD46-4975-BD62-A2EF1818C546}.Release|Any CPU.ActiveCfg = Release|Any CPU
		{3A1E9ACE-AD46-4975-BD62-A2EF1818C546}.Release|Any CPU.Build.0 = Release|Any CPU
		{B6FF3265-C9DE-4E0E-86C1-A855FBD46F2F}.Debug|Any CPU.ActiveCfg = Debug|Any CPU
		{B6FF3265-C9DE-4E0E-86C1-A855FBD46F2F}.Debug|Any CPU.Build.0 = Debug|Any CPU
		{B6FF3265-C9DE-4E0E-86C1-A855FBD46F2F}.Release|Any CPU.ActiveCfg = Release|Any CPU
		{B6FF3265-C9DE-4E0E-86C1-A855FBD46F2F}.Release|Any CPU.Build.0 = Release|Any CPU
		{B59060A9-BCE7-4396-9C48-D58E70A48BC6}.Debug|Any CPU.ActiveCfg = Debug|Any CPU
		{B59060A9-BCE7-4396-9C48-D58E70A48BC6}.Debug|Any CPU.Build.0 = Debug|Any CPU
		{B59060A9-BCE7-4396-9C48-D58E70A48BC6}.Release|Any CPU.ActiveCfg = Release|Any CPU
		{B59060A9-BCE7-4396-9C48-D58E70A48BC6}.Release|Any CPU.Build.0 = Release|Any CPU
	EndGlobalSection
	GlobalSection(SolutionProperties) = preSolution
		HideSolutionNode = FALSE
	EndGlobalSection
	GlobalSection(NestedProjects) = preSolution
		{61F06178-BA44-4F34-A7A0-4549348E8205} = {8501BE69-1EFE-4C49-82C3-470B64309BD1}
		{C6A9497A-7BD0-4398-B748-BDF0B044EE18} = {8501BE69-1EFE-4C49-82C3-470B64309BD1}
		{97AF29FC-C23A-4219-B777-23C9A65630A5} = {8501BE69-1EFE-4C49-82C3-470B64309BD1}
		{3A1E9ACE-AD46-4975-BD62-A2EF1818C546} = {8501BE69-1EFE-4C49-82C3-470B64309BD1}
		{B6FF3265-C9DE-4E0E-86C1-A855FBD46F2F} = {8AEDBAEE-D13D-465C-A88B-DB97402FF3AA}
		{B59060A9-BCE7-4396-9C48-D58E70A48BC6} = {8501BE69-1EFE-4C49-82C3-470B64309BD1}
	EndGlobalSection
	GlobalSection(ExtensibilityGlobals) = postSolution
		SolutionGuid = {14C5BF46-36B3-4A5B-B442-C5533B8C481D}
	EndGlobalSection
EndGlobal
